{
  "lockfileVersion": 1,
  "configVersion": 1,
  "workspaces": {
    "": {
      "name": "nekoder",
      "dependencies": {
        "@ai-sdk/anthropic": "^4",
        "@ai-sdk/openai": "^4",
        "@ai-sdk/openai-compatible": "^3",
        "ai": "^7",
        "js-yaml": "^5.2.3",
        "tokenlens": "^1.3.1",
      },
      "devDependencies": {
        "@types/bun": "latest",
        "@types/node": "^26.1.2",
      },
      "peerDependencies": {
        "typescript": "^5",
      },
    },
  },
  "packages": {
    "@ai-sdk/anthropic": ["@ai-sdk/anthropic@4.0.34", "", { "dependencies": { "@ai-sdk/provider": "4.0.6", "@ai-sdk/provider-utils": "5.0.23" }, "peerDependencies": { "zod": "^3.25.76 || ^4.1.8" } }, "sha512-k3cj4AQ2calM6idUodma1cYlQuEeRxBjzyc2IBO+5kx+yAI8x0fku/Fq+DBKdOgSwNoBbv7lO1CsmmEkBBFbmw=="],

    "@ai-sdk/gateway": ["@ai-sdk/gateway@4.0.44", "", { "dependencies": { "@ai-sdk/provider": "4.0.6", "@ai-sdk/provider-utils": "5.0.23", "@vercel/oidc": "3.2.0" }, "peerDependencies": { "zod": "^3.25.76 || ^4.1.8" } }, "sha512-dQ/AHH1do1iEpWEXdAge37FtpXV17fsj7NkL9w+xuzVgvmI7+dQFeDerul+F2I5czmxe61Lq+TnUREjU92UXYg=="],

    "@ai-sdk/openai": ["@ai-sdk/openai@4.0.34", "", { "dependencies": { "@ai-sdk/provider": "4.0.6", "@ai-sdk/provider-utils": "5.0.23" }, "peerDependencies": { "zod": "^3.25.76 || ^4.1.8" } }, "sha512-DPGehPPwuTmnWxCDxeWZJgGLn7Lh+QfiiN20tvqnEQMUwCmuadZ3FLlRtTkTpeEa2l+Lsa/sWVkBwShWGjGmKA=="],

    "@ai-sdk/openai-compatible": ["@ai-sdk/openai-compatible@3.0.25", "", { "dependencies": { "@ai-sdk/provider": "4.0.6", "@ai-sdk/provider-utils": "5.0.23" }, "peerDependencies": { "zod": "^3.25.76 || ^4.1.8" } }, "sha512-6NMHwYsjF8QQ8sKEnC6tt9w1z87Z0XwKgOGe1ZB48SwH+HvFEHsn8nCEvKML3MUwRtVu0mxRG08FTjXmew/ELA=="],

    "@ai-sdk/provider": ["@ai-sdk/provider@4.0.6", "", { "dependencies": { "json-schema": "^0.4.0" } }, "sha512-YYXjvs8F3q/BdEn9tBDoDuQACotfR7c5foGw/ADsM6iAVC1JabqEjQSkwHv/Kg2vNIr1c2AVHcQb+JYsYk76Qw=="],

    "@ai-sdk/provider-utils": ["@ai-sdk/provider-utils@5.0.23", "", { "dependencies": { "@ai-sdk/provider": "4.0.6", "@standard-schema/spec": "^1.1.0", "@workflow/serde": "4.1.0", "eventsource-parser": "^3.0.8", "undici": "^7.28.0" }, "peerDependencies": { "zod": "^3.25.76 || ^4.1.8" } }, "sha512-mFvAAszenK8Xny3v+4Vntke5IcUkyzjss3gTBOxVWNrSIWmt/FhQ5gCgoJXW7IK11cklRaicMPwOXTnnBtaqFQ=="],

    "@standard-schema/spec": ["@standard-schema/spec@1.1.0", "", {}, "sha512-l2aFy5jALhniG5HgqrD6jXLi/rUWrKvqN/qJx6yoJsgKhblVd+iqqU4RCXavm/jPityDo5TCvKMnpjKnOriy0w=="],

    "@tokenlens/core": ["@tokenlens/core@1.3.0", "", {}, "sha512-d8YNHNC+q10bVpi95fELJwJyPVf1HfvBEI18eFQxRSZTdByXrP+f/ZtlhSzkx0Jl0aEmYVeBA5tPeeYRioLViQ=="],

    "@tokenlens/fetch": ["@tokenlens/fetch@1.3.0", "", { "dependencies": { "@tokenlens/core": "1.3.0" } }, "sha512-RONDRmETYly9xO8XMKblmrZjKSwCva4s5ebJwQNfNlChZoA5kplPoCgnWceHnn1J1iRjLVlrCNB43ichfmGBKQ=="],

    "@tokenlens/helpers": ["@tokenlens/helpers@1.3.1", "", { "dependencies": { "@tokenlens/core": "1.3.0", "@tokenlens/fetch": "1.3.0" } }, "sha512-t6yL8N6ES8337E6eVSeH4hCKnPdWkZRFpupy9w5E66Q9IeqQ9IO7XQ6gh12JKjvWiRHuyyJ8MBP5I549Cr41EQ=="],

    "@tokenlens/models": ["@tokenlens/models@1.3.0", "", { "dependencies": { "@tokenlens/core": "1.3.0" } }, "sha512-9mx7ZGeewW4ndXAiD7AT1bbCk4OpJeortbjHHyNkgap+pMPPn1chY6R5zqe1ggXIUzZ2l8VOAKfPqOvpcrisJw=="],

    "@types/bun": ["@types/bun@1.3.14", "", { "dependencies": { "bun-types": "1.3.14" } }, "sha512-h1hFqFVcvAvD9j9K7ZW7vd82aSA+rTdznZa+5bwvCwqSB1jmmfLcbIWhOLx1/+boy/xmjgCs/OMUL8hRJSmnPw=="],

    "@types/node": ["@types/node@26.1.2", "", { "dependencies": { "undici-types": "~8.3.0" } }, "sha512-Vu4a5UFA9rIIFJ7rB/Vaafh9lrCQszopTCx6KjFboXTGQbPNasehVR5TEiithSDGyd1DEiUByggTZsg8jukeIg=="],

    "@vercel/oidc": ["@vercel/oidc@3.2.0", "", {}, "sha512-UycprH3T6n3jH0k44NHMa7pnFHGu/N05MjojYr+Mc6I7obkoLIJujSWwin1pCvdy/eOxrI/l3uDLQsmcrOb4ug=="],

    "@workflow/serde": ["@workflow/serde@4.1.0", "", {}, "sha512-pav4F2BoirECWR7Nf1TKt+2eETcBj7jj4cBefQ8VXQCA6NPkaKeLfj/zMgi+3zYV5ZIBT4GuUiphsj0/b9hPQQ=="],

    "ai": ["ai@7.0.56", "", { "dependencies": { "@ai-sdk/gateway": "4.0.44", "@ai-sdk/provider": "4.0.6", "@ai-sdk/provider-utils": "5.0.23" }, "peerDependencies": { "zod": "^3.25.76 || ^4.1.8" } }, "sha512-Lp7q9tZFl/TGOpBBNgt2wZ85SoCvJJVlHQksMkqrgiFUnIGOw+L2FWJ0gXuNEngLQTp9+t32k8QuIB7Jc5uKRA=="],

    "argparse": ["argparse@2.0.1", "", {}, "sha512-8+9WqebbFzpX9OR+Wa6O29asIogeRMzcGtAINdpMHHyAg10f05aSFVBbcEqGf/PXw1EjAZ+q2/bEBg3DvurK3Q=="],

    "bun-types": ["bun-types@1.3.14", "", { "dependencies": { "@types/node": "*" } }, "sha512-4N0ig0fEomHt5R0KCFWjovxow98rIoRwKolrYdCcknNwMekCXRnWEUvgu5soYV8QXtVsrUD8B95MBOZGPvr6KQ=="],

    "eventsource-parser": ["eventsource-parser@3.1.0", "", {}, "sha512-kJezFj9YFAMLeORyi7aCLxLbD5/qWMQnoMVlVPyHIll7lgRJCc3JVln9Vgl9nwQi0YkMnhdGTMNn7CkRRAptMg=="],

    "js-yaml": ["js-yaml@5.2.3", "", { "dependencies": { "argparse": "^2.0.1" }, "bin": { "js-yaml": "bin/js-yaml.mjs" } }, "sha512-n+mUVyUX5bVv7G/G2zyIHOhdxfuU1dY2NOFzTQUWiMUbFss8b57NFlgCCaggU78wSw5KVS9cllzeLyzyR+n5nw=="],

    "json-schema": ["json-schema@0.4.0", "", {}, "sha512-es94M3nTIfsEPisRafak+HDLfHXnKBhV3vU5eqPcS3flIWqcxJWgXHXiey3YrpaNsanY5ei1VoYEbOzijuq9BA=="],

    "tokenlens": ["tokenlens@1.3.1", "", { "dependencies": { "@tokenlens/core": "1.3.0", "@tokenlens/fetch": "1.3.0", "@tokenlens/helpers": "1.3.1", "@tokenlens/models": "1.3.0" } }, "sha512-7oxmsS5PNCX3z+b+z07hL5vCzlgHKkCGrEQjQmWl5l+v5cUrtL7S1cuST4XThaL1XyjbTX8J5hfP0cjDJRkaLA=="],

    "typescript": ["typescript@5.9.3", "", { "bin": { "tsc": "bin/tsc", "tsserver": "bin/tsserver" } }, "sha512-jl1vZzPDinLr9eUt3J/t7V6FgNEw9QjvBPdysz9KfQDD41fQrC2Y4vKQdiaUpFT4bXlb1RHhLpp8wtm6M5TgSw=="],

    "undici": ["undici@7.29.0", "", {}, "sha512-IDxfleLmmbSskfWSUATiN1nfn2rDuvnMOqb5CWR92iIfojA0Ud+ulOAAEQ57LPr9rWmsreUyf5lwyao+7GNNVw=="],

    "undici-types": ["undici-types@8.3.0", "", {}, "sha512-j375ScV60dom+YkPFIfTLcOiPxkN/buHz5GobjLhixFuANaNs3C9l4GmrWqejgXWJ7BbJcFYpTEUkS1Ge8bpZQ=="],

    "zod": ["zod@4.4.3", "", {}, "sha512-ytENFjIJFl2UwYglde2jchW2Hwm4GJFLDiSXWdTrJQBIN9Fcyp7n4DhxJEiWNAJMV1/BqWfW/kkg71UDcHJyTQ=="],
  }
}
